{"filter":false,"title":"Gemfile.lock","tooltip":"/ietore/Gemfile.lock","undoManager":{"mark":-1,"position":-1,"stack":[]},"ace":{"folds":[],"scrolltop":0,"scrollleft":0,"selection":{"start":{"row":0,"column":0},"end":{"row":0,"column":0},"isBackwards":false},"options":{"guessTabSize":true,"useWrapMode":false,"wrapToView":true},"firstLineState":0},"timestamp":1667740975707,"hash":"c98cea03613f9fa06bb98f51d25acde432426b39"}